
Microsoft Visual Studio Solution File, Format Version 12.00
# Visual Studio Version 16
VisualStudioVersion = 16.0.30114.105
MinimumVisualStudioVersion = 10.0.40219.1
Project("{F2A71F9B-5D33-465A-A702-920D77279786}") = "StickMeet.Tests", "StickMeet.Tests\StickMeet.Tests.fsproj", "{24B06508-032A-41AE-8CCB-26C4249673A3}"
EndProject
Project("{F2A71F9B-5D33-465A-A702-920D77279786}") = "StickMeet.Core", "StickMeet.Core\StickMeet.Core.fsproj", "{AFCD882E-FC4C-4757-94DF-3A3275EB7211}"
EndProject
Global
	GlobalSection(SolutionConfigurationPlatforms) = preSolution
		Debug|Any CPU = Debug|Any CPU
		Release|Any CPU = Release|Any CPU
	EndGlobalSection
	GlobalSection(SolutionProperties) = preSolution
		HideSolutionNode = FALSE
	EndGlobalSection
	GlobalSection(ProjectConfigurationPlatforms) = postSolution
		{24B06508-032A-41AE-8CCB-26C4249673A3}.Debug|Any CPU.ActiveCfg = Debug|Any CPU
		{24B06508-032A-41AE-8CCB-26C4249673A3}.Debug|Any CPU.Build.0 = Debug|Any CPU
		{24B06508-032A-41AE-8CCB-26C4249673A3}.Release|Any CPU.ActiveCfg = Release|Any CPU
		{24B06508-032A-41AE-8CCB-26C4249673A3}.Release|Any CPU.Build.0 = Release|Any CPU
		{AFCD882E-FC4C-4757-94DF-3A3275EB7211}.Debug|Any CPU.ActiveCfg = Debug|Any CPU
		{AFCD882E-FC4C-4757-94DF-3A3275EB7211}.Debug|Any CPU.Build.0 = Debug|Any CPU
		{AFCD882E-FC4C-4757-94DF-3A3275EB7211}.Release|Any CPU.ActiveCfg = Release|Any CPU
		{AFCD882E-FC4C-4757-94DF-3A3275EB7211}.Release|Any CPU.Build.0 = Release|Any CPU
	EndGlobalSection
EndGlobal
